# This file is generated by running "berry install" inside your project.
# Manual changes might be lost - proceed with caution!

__metadata:
  version: 2

"_example@workspace:.":
  version: 0.0.0-use.local
  resolution: "_example@workspace:."
  dependencies:
    hapi: ^18.1.0
  languageName: unknown
  linkType: soft

accept@3.x.x:
  version: 3.1.3
  resolution: "accept@npm:3.1.3"
  dependencies:
    boom: 7.x.x
    hoek: 6.x.x
  checksum: fd36347903eb71bbb7042045c4d3bb2774aae5c4b2716b5b728d5ae585880482b31a945727d52d317af2559ca516ca789c6928a4578125de19534a7ca9b7f26b
  languageName: node
  linkType: hard

ammo@3.x.x:
  version: 3.0.3
  resolution: "ammo@npm:3.0.3"
  dependencies:
    hoek: 6.x.x
  checksum: f982b0a45f47615f43fbcc119d61a1cb939a2c0e84729c391adaeae2ab93f5fd5403c4a0236718e750636a793a32a97c8dc338f7429456910d367dcc64013299
  languageName: node
  linkType: hard

b64@4.x.x:
  version: 4.1.2
  resolution: "b64@npm:4.1.2"
  dependencies:
    hoek: 6.x.x
  checksum: fa6b4e75484376ec898b76401628fa9ce45f1aad479bdc6760b6cb33a24e5ea9fcebe103b279c767696c4051bb2d873bf70fecaade88ff4041acac3a4c43ea2e
  languageName: node
  linkType: hard

boom@7.x.x:
  version: 7.3.0
  resolution: "boom@npm:7.3.0"
  dependencies:
    hoek: 6.x.x
  checksum: 5e6033850edda0e835f61e21152c83dd3737175919a5e899e55e67ac2c3beaba88343ec9c9e4a3dcdb546f8931475a4b4bcf91404f7997901ee5c88cfc3343e2
  languageName: node
  linkType: hard

bounce@1.x.x:
  version: 1.2.3
  resolution: "bounce@npm:1.2.3"
  dependencies:
    boom: 7.x.x
    hoek: 6.x.x
  checksum: 02439c9e520d18136a1ecea7f2d39f92464699f69f2fb18e84a0e1e60439e49549c38c39d8974202776963d2a95ee6613ae491f7324a984e34806240684a2a2e
  languageName: node
  linkType: hard

bourne@1.x.x:
  version: 1.1.2
  resolution: "bourne@npm:1.1.2"
  checksum: 26139af23f0acf822d4d8c6de534117c2436ad7190317760ebd7aacb6fa54d6aa5eb27054f1ac13c41318fa0e90b629fe8aa7a90cdab1fb912f461c3c8acf70b
  languageName: node
  linkType: hard

call@5.x.x:
  version: 5.0.3
  resolution: "call@npm:5.0.3"
  dependencies:
    boom: 7.x.x
    hoek: 6.x.x
  checksum: c1f6602d25f1a52b842b004d7c62cad24b4d9da75e3c2c931870a754349508c315c5820ef41cdfd42cf44e0652fc11a72a65d7371a0ebc2decd31710458c79c5
  languageName: node
  linkType: hard

catbox-memory@4.x.x:
  version: 4.0.1
  resolution: "catbox-memory@npm:4.0.1"
  dependencies:
    boom: 7.x.x
    hoek: 6.x.x
  checksum: 642db0381fe7c8104813fc534e1a93fc4cc7bef60e5ad3245398856a466886a2bbe1e3afa4d18e09a3634f8295cec3ffd2be49ece7a6749f0b005846b8c1b901
  languageName: node
  linkType: hard

catbox@10.x.x:
  version: 10.0.6
  resolution: "catbox@npm:10.0.6"
  dependencies:
    boom: 7.x.x
    hoek: 6.x.x
    joi: 14.x.x
  checksum: 3b3c4d9cfbf79d1e64fec2c8c38822534a02c8b4dbd893c5561379cc3028e532ae1b117d261e0fe8ef502d8e4eff4c13d1d3c49b71c37837665dafe1aa18c550
  languageName: node
  linkType: hard

content@4.x.x:
  version: 4.0.6
  resolution: "content@npm:4.0.6"
  dependencies:
    boom: 7.x.x
  checksum: 7ec131e9fc731b9307c99a594bfad91ccf49a2275bca5f31c096bbde9ada4824ffab234ba71a8b3506698af9b4b499be5f546fdc24c4e479210cbfdfee19b4ff
  languageName: node
  linkType: hard

cryptiles@4.x.x:
  version: 4.1.3
  resolution: "cryptiles@npm:4.1.3"
  dependencies:
    boom: 7.x.x
  checksum: b95e852c2a506832a69eebc1059355a164ceb3c274e7acf35a9ee326316735ede99c12efc4305b45894cd27340f303b53c0fee22b31bfd6d220d2d3068eb3370
  languageName: node
  linkType: hard

hapi@^18.1.0:
  version: 18.1.0
  resolution: "hapi@npm:18.1.0"
  dependencies:
    accept: 3.x.x
    ammo: 3.x.x
    boom: 7.x.x
    bounce: 1.x.x
    call: 5.x.x
    catbox: 10.x.x
    catbox-memory: 4.x.x
    heavy: 6.x.x
    hoek: 6.x.x
    joi: 14.x.x
    mimos: 4.x.x
    podium: 3.x.x
    shot: 4.x.x
    somever: 2.x.x
    statehood: 6.x.x
    subtext: 6.x.x
    teamwork: 3.x.x
    topo: 3.x.x
  checksum: 8a87fd98983118af7554271cba38051165d8ba26b846e52068645028d4a12a3bf10d43ca5d9ad5d5006c2ea7abd8a04c293dbd8ae4c357725ae0fd22cc6e1b60
  languageName: node
  linkType: hard

heavy@6.x.x:
  version: 6.1.2
  resolution: "heavy@npm:6.1.2"
  dependencies:
    boom: 7.x.x
    hoek: 6.x.x
    joi: 14.x.x
  checksum: 21850439cdb6fc1f40adb7da9d9bd367b5ac28e3da2de8d552d9b0a62b35102a66083022866f2711ce74f716dfe6ab2c634379cc497bd31f3bd8819b2265ab5f
  languageName: node
  linkType: hard

hoek@6.x.x:
  version: 6.1.3
  resolution: "hoek@npm:6.1.3"
  checksum: 50ebeb5f4ab2130d46d528e645fecbcf746d0a0555f65c70f9e8590ce644a224d1cc422a5d865ece46eb079a0c772a2323991de52c27026ff369b5c84d7cd304
  languageName: node
  linkType: hard

iron@5.x.x:
  version: 5.0.6
  resolution: "iron@npm:5.0.6"
  dependencies:
    b64: 4.x.x
    boom: 7.x.x
    cryptiles: 4.x.x
    hoek: 6.x.x
  checksum: 632b5c6d2f43c09c4dc65bc94d35a6359ccc3a7efecf46ac532dd85d0088d3a76348e7bb5ace6f3da021d6f622d2216357523a11e08ff92ae3698055a6437472
  languageName: node
  linkType: hard

isemail@3.x.x:
  version: 3.2.0
  resolution: "isemail@npm:3.2.0"
  dependencies:
    punycode: 2.x.x
  checksum: 71fe9b129058e71d50e69dcdc5d0191b094103275cb904326f4d51d4b7823963de09ed2d733c7d6891e89a27b88c8048d5651da0dcdb01f706fece92204c6be6
  languageName: node
  linkType: hard

joi@14.x.x:
  version: 14.3.1
  resolution: "joi@npm:14.3.1"
  dependencies:
    hoek: 6.x.x
    isemail: 3.x.x
    topo: 3.x.x
  checksum: 8eae50102b2a2f9496fdc362c97addfb80381405bedea980512b7aff1d0a8c617bcd681247b2c757de0108b1fe00330eddd867ec2eaca92761382cbab3199e06
  languageName: node
  linkType: hard

mime-db@1.x.x:
  version: 1.40.0
  resolution: "mime-db@npm:1.40.0"
  checksum: 55054f79e1d485b8391c528857c7ac7adaf2625b335167076ff2c4821fa3ad27f8a8857bd44ddf4950f50224bbaf23e1e0e672b595a69d22e3ae1b804c392c47
  languageName: node
  linkType: hard

mimos@4.x.x:
  version: 4.0.2
  resolution: "mimos@npm:4.0.2"
  dependencies:
    hoek: 6.x.x
    mime-db: 1.x.x
  checksum: 82c824165cedcea30fef18779b8e53c2a6d79d45b44e4697aea3f651727abc82502a9639655af7dda68714f17770a0b81eac3b2b058ef34816f4f20820c170fd
  languageName: node
  linkType: hard

nigel@3.x.x:
  version: 3.0.4
  resolution: "nigel@npm:3.0.4"
  dependencies:
    hoek: 6.x.x
    vise: 3.x.x
  checksum: 25da93a763eb8fa4978f319009c00c470bbf487d57de7ea319d351e0c0747af377fe136755972229cad41e740d5e74a4c3d79e2051fdbe7cfad641cbbe1122eb
  languageName: node
  linkType: hard

pez@4.x.x:
  version: 4.0.5
  resolution: "pez@npm:4.0.5"
  dependencies:
    b64: 4.x.x
    boom: 7.x.x
    content: 4.x.x
    hoek: 6.x.x
    nigel: 3.x.x
  checksum: 45fb89d163d707c8df64b33050afe7ba0c3f20fc56b4ba191997ceed0a30d19c944b94aafb61ce0a5936e2ee0fc85987412923523e9b96a4921684ecf7dfb7cd
  languageName: node
  linkType: hard

podium@3.x.x:
  version: 3.2.0
  resolution: "podium@npm:3.2.0"
  dependencies:
    hoek: 6.x.x
    joi: 14.x.x
  checksum: 595acd567bf52dc9c80fdfde2991d1c7e80165819bdbceb204736a0799b991a0c7bc9d7e13fdf1980754b41cd6cb2d02a1d68166af52033e5d2d3ca3b29459c9
  languageName: node
  linkType: hard

punycode@2.x.x:
  version: 2.1.1
  resolution: "punycode@npm:2.1.1"
  checksum: 91fc7e73c7b46b91a0c94a4ab726d7f087b8c79e1978ef6ff141e32fa9df49476cc5703b5fdc7da509a0d0b9367b67c2f10e031f9b60c0e22c3cb98ad719d71f
  languageName: node
  linkType: hard

shot@4.x.x:
  version: 4.0.7
  resolution: "shot@npm:4.0.7"
  dependencies:
    hoek: 6.x.x
    joi: 14.x.x
  checksum: b62bd63021c2d02ce169cc57a92ee72e51a5e5daaccabeb0af7f83fb3ca99dd6bb9a220c925b106d090a9c6edf5fda949d65fea4b5a0e676057fcd8cb0327806
  languageName: node
  linkType: hard

somever@2.x.x:
  version: 2.0.0
  resolution: "somever@npm:2.0.0"
  dependencies:
    bounce: 1.x.x
    hoek: 6.x.x
  checksum: 15da9e1e0d7090fc481570070037a9302a488b280995b4a857872a7bf4e1d616cc4778dec5edcaa32de2d5e0aedaf6e25f3843e21e0c0a83dcb63d015736da80
  languageName: node
  linkType: hard

statehood@6.x.x:
  version: 6.0.9
  resolution: "statehood@npm:6.0.9"
  dependencies:
    boom: 7.x.x
    bounce: 1.x.x
    bourne: 1.x.x
    cryptiles: 4.x.x
    hoek: 6.x.x
    iron: 5.x.x
    joi: 14.x.x
  checksum: 1bee955e7d15923dec9c143b31a1309a94bd68b54a441785d416fd776036d5f57d97ff05abb1bd5e2f21bd7d628350a9a40e8941cb3cfe1b670bf7cc2486e8dc
  languageName: node
  linkType: hard

subtext@6.x.x:
  version: 6.0.12
  resolution: "subtext@npm:6.0.12"
  dependencies:
    boom: 7.x.x
    bourne: 1.x.x
    content: 4.x.x
    hoek: 6.x.x
    pez: 4.x.x
    wreck: 14.x.x
  checksum: b1f4baa77d3a167ad1ee48c6e336f6b81a67536a8241663db4f66fd0ccbbd9ea68c326a14fc269ecd988c1aeb42f305a6f53f68386e32ccddaa35dab9aeaac8b
  languageName: node
  linkType: hard

teamwork@3.x.x:
  version: 3.2.0
  resolution: "teamwork@npm:3.2.0"
  checksum: 2ea6ae2efa9d67cef13d2b44fb4e63a3970b5c30eb3003fba8f72d4b37ffbc6d8bd67cbdfb9a6b737f8b02e342227cba2d45421582e81394594822a7a8cb1a25
  languageName: node
  linkType: hard

topo@3.x.x:
  version: 3.0.3
  resolution: "topo@npm:3.0.3"
  dependencies:
    hoek: 6.x.x
  checksum: e39d40dff7165382af914f879f94cdf49ca7c836b68270b955eee100440764aa78a00447e7f5be08d50f213ecb92bf2b1a0dd36e7d29a35fbd2a57aa05ce1e85
  languageName: node
  linkType: hard

vise@3.x.x:
  version: 3.0.2
  resolution: "vise@npm:3.0.2"
  dependencies:
    hoek: 6.x.x
  checksum: 0512ae224bf0feb7830a43201610359a4a5ed48accb5b572e1807cb90e6cd69de167cc15be37819c1b76287328ed751a1411da7e76cb6e3b9c814bf5dd674ac1
  languageName: node
  linkType: hard

wreck@14.x.x:
  version: 14.2.0
  resolution: "wreck@npm:14.2.0"
  dependencies:
    boom: 7.x.x
    bourne: 1.x.x
    hoek: 6.x.x
  checksum: 1853f11198c0f7a99a152cedd644d997ae7ffaa999bc727dd85c5203ed137856e429cbf1c84917d30d2678061911c3b6712971e017f0b7ead03275347dc42b37
  languageName: node
  linkType: hard
